
Microsoft Visual Studio Solution File, Format Version 12.00
# Visual Studio 15
VisualStudioVersion = 15.0.26124.0
MinimumVisualStudioVersion = 15.0.26124.0
Project("{2150E333-8FDC-42A3-9474-1A3956D46DE8}") = "src", "src", "{B33F5D5C-9119-43EA-871D-2867C2CF73ED}"
EndProject
Project("{FAE04EC0-301F-11D3-BF4B-00C04F79EFBC}") = "Weather.Rest", "src\Rest\Weather.Rest.csproj", "{0DCD1FA1-9DC3-4FB0-87E8-828BC627A9AF}"
EndProject
Project("{FAE04EC0-301F-11D3-BF4B-00C04F79EFBC}") = "Weather.Application", "src\Application\Weather.Application.csproj", "{6B647764-5FCF-4922-88D9-B193D0387904}"
EndProject
Project("{FAE04EC0-301F-11D3-BF4B-00C04F79EFBC}") = "Weather.Infrastructure", "src\Infrastructure\Weather.Infrastructure.csproj", "{C5C97B26-9B04-4FF5-880A-A6BF991EB405}"
EndProject
Global
	GlobalSection(SolutionConfigurationPlatforms) = preSolution
		Debug|Any CPU = Debug|Any CPU
		Debug|x64 = Debug|x64
		Debug|x86 = Debug|x86
		Release|Any CPU = Release|Any CPU
		Release|x64 = Release|x64
		Release|x86 = Release|x86
	EndGlobalSection
	GlobalSection(SolutionProperties) = preSolution
		HideSolutionNode = FALSE
	EndGlobalSection
	GlobalSection(ProjectConfigurationPlatforms) = postSolution
		{0DCD1FA1-9DC3-4FB0-87E8-828BC627A9AF}.Debug|Any CPU.ActiveCfg = Debug|Any CPU
		{0DCD1FA1-9DC3-4FB0-87E8-828BC627A9AF}.Debug|Any CPU.Build.0 = Debug|Any CPU
		{0DCD1FA1-9DC3-4FB0-87E8-828BC627A9AF}.Debug|x64.ActiveCfg = Debug|Any CPU
		{0DCD1FA1-9DC3-4FB0-87E8-828BC627A9AF}.Debug|x64.Build.0 = Debug|Any CPU
		{0DCD1FA1-9DC3-4FB0-87E8-828BC627A9AF}.Debug|x86.ActiveCfg = Debug|Any CPU
		{0DCD1FA1-9DC3-4FB0-87E8-828BC627A9AF}.Debug|x86.Build.0 = Debug|Any CPU
		{0DCD1FA1-9DC3-4FB0-87E8-828BC627A9AF}.Release|Any CPU.ActiveCfg = Release|Any CPU
		{0DCD1FA1-9DC3-4FB0-87E8-828BC627A9AF}.Release|Any CPU.Build.0 = Release|Any CPU
		{0DCD1FA1-9DC3-4FB0-87E8-828BC627A9AF}.Release|x64.ActiveCfg = Release|Any CPU
		{0DCD1FA1-9DC3-4FB0-87E8-828BC627A9AF}.Release|x64.Build.0 = Release|Any CPU
		{0DCD1FA1-9DC3-4FB0-87E8-828BC627A9AF}.Release|x86.ActiveCfg = Release|Any CPU
		{0DCD1FA1-9DC3-4FB0-87E8-828BC627A9AF}.Release|x86.Build.0 = Release|Any CPU
		{6B647764-5FCF-4922-88D9-B193D0387904}.Debug|Any CPU.ActiveCfg = Debug|Any CPU
		{6B647764-5FCF-4922-88D9-B193D0387904}.Debug|Any CPU.Build.0 = Debug|Any CPU
		{6B647764-5FCF-4922-88D9-B193D0387904}.Debug|x64.ActiveCfg = Debug|Any CPU
		{6B647764-5FCF-4922-88D9-B193D0387904}.Debug|x64.Build.0 = Debug|Any CPU
		{6B647764-5FCF-4922-88D9-B193D0387904}.Debug|x86.ActiveCfg = Debug|Any CPU
		{6B647764-5FCF-4922-88D9-B193D0387904}.Debug|x86.Build.0 = Debug|Any CPU
		{6B647764-5FCF-4922-88D9-B193D0387904}.Release|Any CPU.ActiveCfg = Release|Any CPU
		{6B647764-5FCF-4922-88D9-B193D0387904}.Release|Any CPU.Build.0 = Release|Any CPU
		{6B647764-5FCF-4922-88D9-B193D0387904}.Release|x64.ActiveCfg = Release|Any CPU
		{6B647764-5FCF-4922-88D9-B193D0387904}.Release|x64.Build.0 = Release|Any CPU
		{6B647764-5FCF-4922-88D9-B193D0387904}.Release|x86.ActiveCfg = Release|Any CPU
		{6B647764-5FCF-4922-88D9-B193D0387904}.Release|x86.Build.0 = Release|Any CPU
		{C5C97B26-9B04-4FF5-880A-A6BF991EB405}.Debug|Any CPU.ActiveCfg = Debug|Any CPU
		{C5C97B26-9B04-4FF5-880A-A6BF991EB405}.Debug|Any CPU.Build.0 = Debug|Any CPU
		{C5C97B26-9B04-4FF5-880A-A6BF991EB405}.Debug|x64.ActiveCfg = Debug|Any CPU
		{C5C97B26-9B04-4FF5-880A-A6BF991EB405}.Debug|x64.Build.0 = Debug|Any CPU
		{C5C97B26-9B04-4FF5-880A-A6BF991EB405}.Debug|x86.ActiveCfg = Debug|Any CPU
		{C5C97B26-9B04-4FF5-880A-A6BF991EB405}.Debug|x86.Build.0 = Debug|Any CPU
		{C5C97B26-9B04-4FF5-880A-A6BF991EB405}.Release|Any CPU.ActiveCfg = Release|Any CPU
		{C5C97B26-9B04-4FF5-880A-A6BF991EB405}.Release|Any CPU.Build.0 = Release|Any CPU
		{C5C97B26-9B04-4FF5-880A-A6BF991EB405}.Release|x64.ActiveCfg = Release|Any CPU
		{C5C97B26-9B04-4FF5-880A-A6BF991EB405}.Release|x64.Build.0 = Release|Any CPU
		{C5C97B26-9B04-4FF5-880A-A6BF991EB405}.Release|x86.ActiveCfg = Release|Any CPU
		{C5C97B26-9B04-4FF5-880A-A6BF991EB405}.Release|x86.Build.0 = Release|Any CPU
	EndGlobalSection
	GlobalSection(NestedProjects) = preSolution
		{0DCD1FA1-9DC3-4FB0-87E8-828BC627A9AF} = {B33F5D5C-9119-43EA-871D-2867C2CF73ED}
		{6B647764-5FCF-4922-88D9-B193D0387904} = {B33F5D5C-9119-43EA-871D-2867C2CF73ED}
		{C5C97B26-9B04-4FF5-880A-A6BF991EB405} = {B33F5D5C-9119-43EA-871D-2867C2CF73ED}
	EndGlobalSection
EndGlobal
